
Microsoft Visual Studio Solution File, Format Version 12.00
# Visual Studio 15
VisualStudioVersion = 15.0.27004.2006
MinimumVisualStudioVersion = 10.0.40219.1
Project("{8BC9CEB8-8B4A-11D0-8D11-00A0C91BC942}") = "HelloEdison2", "HelloEdison2\HelloEdison2.vcxproj", "{1E4AC675-A956-4606-81B1-074E7B6D377B}"
EndProject
Global
	GlobalSection(SolutionConfigurationPlatforms) = preSolution
		Debug|ARM = Debug|ARM
		Debug|x64 = Debug|x64
		Debug|x86 = Debug|x86
		Release|ARM = Release|ARM
		Release|x64 = Release|x64
		Release|x86 = Release|x86
	EndGlobalSection
	GlobalSection(ProjectConfigurationPlatforms) = postSolution
		{1E4AC675-A956-4606-81B1-074E7B6D377B}.Debug|ARM.ActiveCfg = Debug|ARM
		{1E4AC675-A956-4606-81B1-074E7B6D377B}.Debug|ARM.Build.0 = Debug|ARM
		{1E4AC675-A956-4606-81B1-074E7B6D377B}.Debug|x64.ActiveCfg = Debug|x64
		{1E4AC675-A956-4606-81B1-074E7B6D377B}.Debug|x64.Build.0 = Debug|x64
		{1E4AC675-A956-4606-81B1-074E7B6D377B}.Debug|x86.ActiveCfg = Debug|x86
		{1E4AC675-A956-4606-81B1-074E7B6D377B}.Debug|x86.Build.0 = Debug|x86
		{1E4AC675-A956-4606-81B1-074E7B6D377B}.Release|ARM.ActiveCfg = Release|ARM
		{1E4AC675-A956-4606-81B1-074E7B6D377B}.Release|ARM.Build.0 = Release|ARM
		{1E4AC675-A956-4606-81B1-074E7B6D377B}.Release|x64.ActiveCfg = Release|x64
		{1E4AC675-A956-4606-81B1-074E7B6D377B}.Release|x64.Build.0 = Release|x64
		{1E4AC675-A956-4606-81B1-074E7B6D377B}.Release|x86.ActiveCfg = Release|x86
		{1E4AC675-A956-4606-81B1-074E7B6D377B}.Release|x86.Build.0 = Release|x86
	EndGlobalSection
	GlobalSection(SolutionProperties) = preSolution
		HideSolutionNode = FALSE
	EndGlobalSection
	GlobalSection(ExtensibilityGlobals) = postSolution
		SolutionGuid = {1FEB1C4A-BB47-4A15-86F7-3D2C335BCF74}
	EndGlobalSection
EndGlobal
